
Microsoft Visual Studio Solution File, Format Version 12.00
# Visual Studio Version 16
VisualStudioVersion = 16.0.29709.97
MinimumVisualStudioVersion = 10.0.40219.1
Project("{FAE04EC0-301F-11D3-BF4B-00C04F79EFBC}") = "The battle", "battle\The battle.csproj", "{B967A206-E28D-45D0-BF80-10B3FD2E9C3B}"
EndProject
Global
	GlobalSection(SolutionConfigurationPlatforms) = preSolution
		Debug|Any CPU = Debug|Any CPU
		Release|Any CPU = Release|Any CPU
	EndGlobalSection
	GlobalSection(ProjectConfigurationPlatforms) = postSolution
		{B967A206-E28D-45D0-BF80-10B3FD2E9C3B}.Debug|Any CPU.ActiveCfg = Debug|Any CPU
		{B967A206-E28D-45D0-BF80-10B3FD2E9C3B}.Debug|Any CPU.Build.0 = Debug|Any CPU
		{B967A206-E28D-45D0-BF80-10B3FD2E9C3B}.Release|Any CPU.ActiveCfg = Release|Any CPU
		{B967A206-E28D-45D0-BF80-10B3FD2E9C3B}.Release|Any CPU.Build.0 = Release|Any CPU
	EndGlobalSection
	GlobalSection(SolutionProperties) = preSolution
		HideSolutionNode = FALSE
	EndGlobalSection
	GlobalSection(ExtensibilityGlobals) = postSolution
		SolutionGuid = {18A6A760-8301-46F9-933C-E9D2AE3B1469}
	EndGlobalSection
EndGlobal
